<?xml version="1.0" encoding="utf-8"?>
<Project ToolsVersion="4.0" xmlns="http://schemas.microsoft.com/developer/msbuild/2003">
  <ItemGroup>
    <Filter Include="imgui">
      <UniqueIdentifier>{20b90ce4-7fcb-4731-b9a0-075f875de82d}</UniqueIdentifier>
    </Filter>
    <Filter Include="sources">
      <UniqueIdentifier>{f18ab499-84e1-499f-8eff-9754361e0e52}</UniqueIdentifier>
      <Extensions>cpp;c;cc;cxx;def;odl;idl;hpj;bat;asm;asmx</Extensions>
    </Filter>
    <Filter Include="gl3w">
      <UniqueIdentifier>{42f99867-3108-43b8-99d0-fabefaf1f2e3}</UniqueIdentifier>
    </Filter>
    <Filter Include="sources\inputs">
      <UniqueIdentifier>{ae8b9a9d-bffa-43ad-91b6-9fe3b9525aaa}</UniqueIdentifier>
    </Filter>
    <Filter Include="sources\shaders">
      <UniqueIdentifier>{05a1e65d-c8a5-458b-a959-c43731d011e9}</UniqueIdentifier>
    </Filter>
    <Filter Include="sources\libs">
      <UniqueIdentifier>{ec730a41-ce2c-4bf7-a5a8-8b60f01c7d2e}</UniqueIdentifier>
    </Filter>
    <Filter Include="sources\system">
      <UniqueIdentifier>{8a0d713c-617d-419d-9f7f-db8862035555}</UniqueIdentifier>
    </Filter>
    <Filter Include="sources\Material">
      <UniqueIdentifier>{36e92998-c774-4ad7-bd77-1caddbed22f2}</UniqueIdentifier>
    </Filter>
    <Filter Include="sources\Geometry">
      <UniqueIdentifier>{5d46dce3-900f-4d3f-bbd3-77521fbcfd64}</UniqueIdentifier>
    </Filter>
    <Filter Include="sources\Camera">
      <UniqueIdentifier>{ecd0a3fc-4d8b-4d68-8b9f-da608748486d}</UniqueIdentifier>
    </Filter>
    <Filter Include="sources\Light">
      <UniqueIdentifier>{e6c3773f-1c65-4056-9f1b-25f968447487}</UniqueIdentifier>
    </Filter>
    <Filter Include="sources\shaders\models">
      <UniqueIdentifier>{129b6c5e-4b9e-4e0a-a535-aaa9987748f3}</UniqueIdentifier>
    </Filter>
    <Filter Include="sources\shaders\interactable">
      <UniqueIdentifier>{ac8b452b-7627-4968-903c-4e11b80aa4e7}</UniqueIdentifier>
    </Filter>
    <Filter Include="sources\shaders\postprocess">
      <UniqueIdentifier>{d7269e3d-4c98-402b-8132-3b30d47ca508}</UniqueIdentifier>
    </Filter>
    <Filter Include="sources\shaders\geometry">
      <UniqueIdentifier>{f8cde15a-6a9e-4df6-8a8f-cb0c9327c4b5}</UniqueIdentifier>
    </Filter>
    <Filter Include="sources\shaders\standard">
      <UniqueIdentifier>{be91e756-33d5-43ff-ae94-adf1aaa74553}</UniqueIdentifier>
    </Filter>
    <Filter Include="sources\shaders\instance">
      <UniqueIdentifier>{743c51b4-4250-45ea-a1f4-b7a064ce59b2}</UniqueIdentifier>
    </Filter>
    <Filter Include="sources\shaders\shadow">
      <UniqueIdentifier>{339bfd84-cdef-4bb5-a80c-8eea4f6a26c8}</UniqueIdentifier>
    </Filter>
    <Filter Include="sources\shaders\shadow\directional">
      <UniqueIdentifier>{a4eeded3-1ca1-424a-9649-2ea76199b38f}</UniqueIdentifier>
    </Filter>
    <Filter Include="sources\shaders\shadow\point">
      <UniqueIdentifier>{a3e0abdb-c7c2-4afe-ae41-cff3c5518f6e}</UniqueIdentifier>
    </Filter>
    <Filter Include="sources\shaders\parallax">
      <UniqueIdentifier>{f6bc4f8c-9a59-4208-9761-57a63e96e400}</UniqueIdentifier>
    </Filter>
  </ItemGroup>
  <ItemGroup>
    <ClCompile Include="main.cpp">
      <Filter>sources</Filter>
    </ClCompile>
    <ClCompile Include="..\..\imgui.cpp">
      <Filter>imgui</Filter>
    </ClCompile>
    <ClCompile Include="..\libs\gl3w\GL\gl3w.c">
      <Filter>gl3w</Filter>
    </ClCompile>
    <ClCompile Include="..\..\imgui_demo.cpp">
      <Filter>imgui</Filter>
    </ClCompile>
    <ClCompile Include="..\..\imgui_draw.cpp">
      <Filter>imgui</Filter>
    </ClCompile>
    <ClCompile Include="..\..\imgui_widgets.cpp">
      <Filter>imgui</Filter>
    </ClCompile>
    <ClCompile Include="..\imgui_impl_glfw.cpp">
      <Filter>sources\libs</Filter>
    </ClCompile>
    <ClCompile Include="..\imgui_impl_opengl3.cpp">
      <Filter>sources\libs</Filter>
    </ClCompile>
    <ClCompile Include="FBOSystem.cpp">
      <Filter>sources\system</Filter>
    </ClCompile>
    <ClCompile Include="Shader.cpp">
      <Filter>sources\Material</Filter>
    </ClCompile>
    <ClCompile Include="Texture.cpp">
      <Filter>sources\Material</Filter>
    </ClCompile>
    <ClCompile Include="Model.cpp">
      <Filter>sources\Geometry</Filter>
    </ClCompile>
    <ClCompile Include="Mesh.cpp">
      <Filter>sources\Geometry</Filter>
    </ClCompile>
    <ClCompile Include="Camera.cpp">
      <Filter>sources\Camera</Filter>
    </ClCompile>
    <ClCompile Include="Light.cpp">
      <Filter>sources\Light</Filter>
    </ClCompile>
    <ClCompile Include="RenderPlane.cpp">
      <Filter>sources\Geometry</Filter>
    </ClCompile>
    <ClCompile Include="Material.cpp">
      <Filter>sources\Material</Filter>
    </ClCompile>
    <ClCompile Include="RenderSystem.cpp">
      <Filter>sources\system</Filter>
    </ClCompile>
    <ClCompile Include="MaterialHandle.cpp">
      <Filter>sources\Material</Filter>
    </ClCompile>
    <ClCompile Include="SkyBox.cpp">
      <Filter>sources\Geometry</Filter>
    </ClCompile>
    <ClCompile Include="UBOSystem.cpp">
      <Filter>sources\system</Filter>
    </ClCompile>
  </ItemGroup>
  <ItemGroup>
    <ClInclude Include="..\..\imconfig.h">
      <Filter>imgui</Filter>
    </ClInclude>
    <ClInclude Include="..\..\imgui.h">
      <Filter>imgui</Filter>
    </ClInclude>
    <ClInclude Include="..\libs\gl3w\GL\gl3w.h">
      <Filter>gl3w</Filter>
    </ClInclude>
    <ClInclude Include="..\libs\gl3w\GL\glcorearb.h">
      <Filter>gl3w</Filter>
    </ClInclude>
    <ClInclude Include="..\..\imgui_internal.h">
      <Filter>imgui</Filter>
    </ClInclude>
    <ClInclude Include="KeyInput.h">
      <Filter>sources\inputs</Filter>
    </ClInclude>
    <ClInclude Include="..\imgui_impl_opengl3.h">
      <Filter>sources\libs</Filter>
    </ClInclude>
    <ClInclude Include="..\imgui_impl_glfw.h">
      <Filter>sources\libs</Filter>
    </ClInclude>
    <ClInclude Include="RenderSystem.h">
      <Filter>sources\system</Filter>
    </ClInclude>
    <ClInclude Include="includes\stb_image.h">
      <Filter>sources\libs</Filter>
    </ClInclude>
    <ClInclude Include="RawGeometry.h">
      <Filter>sources\inputs</Filter>
    </ClInclude>
    <ClInclude Include="FBOSystem.h">
      <Filter>sources\system</Filter>
    </ClInclude>
    <ClInclude Include="Shader.h">
      <Filter>sources\Material</Filter>
    </ClInclude>
    <ClInclude Include="Texture.h">
      <Filter>sources\Material</Filter>
    </ClInclude>
    <ClInclude Include="Model.h">
      <Filter>sources\Geometry</Filter>
    </ClInclude>
    <ClInclude Include="Mesh.h">
      <Filter>sources\Geometry</Filter>
    </ClInclude>
    <ClInclude Include="Camera.h">
      <Filter>sources\Camera</Filter>
    </ClInclude>
    <ClInclude Include="Light.h">
      <Filter>sources\Light</Filter>
    </ClInclude>
    <ClInclude Include="RenderPlane.h">
      <Filter>sources\Geometry</Filter>
    </ClInclude>
    <ClInclude Include="Material.h">
      <Filter>sources\Material</Filter>
    </ClInclude>
    <ClInclude Include="Requisites.h">
      <Filter>sources\system</Filter>
    </ClInclude>
    <ClInclude Include="HeadersRequeriments.h">
      <Filter>sources\system</Filter>
    </ClInclude>
    <ClInclude Include="MaterialHandle.h">
      <Filter>sources\Material</Filter>
    </ClInclude>
    <ClInclude Include="SkyBox.h">
      <Filter>sources\Geometry</Filter>
    </ClInclude>
    <ClInclude Include="UBOSystem.h">
      <Filter>sources\system</Filter>
    </ClInclude>
  </ItemGroup>
  <ItemGroup>
    <None Include="..\..\misc\natvis\imgui.natvis">
      <Filter>sources\libs</Filter>
    </None>
    <None Include="..\README.txt">
      <Filter>sources\libs</Filter>
    </None>
    <None Include="shaders\example.frag">
      <Filter>sources\shaders\models</Filter>
    </None>
    <None Include="shaders\example.vert">
      <Filter>sources\shaders\models</Filter>
    </None>
    <None Include="shaders\example1.frag">
      <Filter>sources\shaders\models</Filter>
    </None>
    <None Include="shaders\example1.vert">
      <Filter>sources\shaders\models</Filter>
    </None>
    <None Include="shaders\lightmaps.vert">
      <Filter>sources\shaders\models</Filter>
    </None>
    <None Include="shaders\lightingCubeFRAG.frag">
      <Filter>sources\shaders\models</Filter>
    </None>
    <None Include="shaders\lightingCubeVERT.vert">
      <Filter>sources\shaders\models</Filter>
    </None>
    <None Include="shaders\lightmaps.frag">
      <Filter>sources\shaders\models</Filter>
    </None>
    <None Include="shaders\outline.frag">
      <Filter>sources\shaders\interactable</Filter>
    </None>
    <None Include="shaders\outline.vert">
      <Filter>sources\shaders\interactable</Filter>
    </None>
    <None Include="shaders\blending.frag">
      <Filter>sources\shaders\postprocess</Filter>
    </None>
    <None Include="shaders\blending.vert">
      <Filter>sources\shaders\postprocess</Filter>
    </None>
    <None Include="shaders\depthRender.frag">
      <Filter>sources\shaders\postprocess</Filter>
    </None>
    <None Include="shaders\depthRender.vert">
      <Filter>sources\shaders\postprocess</Filter>
    </None>
    <None Include="shaders\renderPass.frag">
      <Filter>sources\shaders\postprocess</Filter>
    </None>
    <None Include="shaders\renderPass.vert">
      <Filter>sources\shaders\postprocess</Filter>
    </None>
    <None Include="shaders\skybox.frag">
      <Filter>sources\shaders\standard</Filter>
    </None>
    <None Include="shaders\skybox.vert">
      <Filter>sources\shaders\standard</Filter>
    </None>
    <None Include="shaders\reflective.frag">
      <Filter>sources\shaders\standard</Filter>
    </None>
    <None Include="shaders\reflective.vert">
      <Filter>sources\shaders\standard</Filter>
    </None>
    <None Include="shaders\refractive.frag">
      <Filter>sources\shaders\standard</Filter>
    </None>
    <None Include="shaders\refractive.vert">
      <Filter>sources\shaders\standard</Filter>
    </None>
    <None Include="shaders\geometryShader.frag">
      <Filter>sources\shaders\geometry</Filter>
    </None>
    <None Include="shaders\geometryShader.gm">
      <Filter>sources\shaders\geometry</Filter>
    </None>
    <None Include="shaders\geometryShader.vert">
      <Filter>sources\shaders\geometry</Filter>
    </None>
    <None Include="shaders\geometryShaderNano.gm">
      <Filter>sources\shaders\geometry</Filter>
    </None>
    <None Include="shaders\standardLighting.frag">
      <Filter>sources\shaders\standard</Filter>
    </None>
    <None Include="shaders\standardLighting.vert">
      <Filter>sources\shaders\standard</Filter>
    </None>
    <None Include="shaders\nanosuit.vert">
      <Filter>sources\shaders\geometry</Filter>
    </None>
    <None Include="shaders\nanosuit.frag">
      <Filter>sources\shaders\geometry</Filter>
    </None>
    <None Include="shaders\geometryShaderNormal.frag">
      <Filter>sources\shaders\geometry</Filter>
    </None>
    <None Include="shaders\geometryShaderNormal.gm">
      <Filter>sources\shaders\geometry</Filter>
    </None>
    <None Include="shaders\geometryShaderNormal.vert">
      <Filter>sources\shaders\geometry</Filter>
    </None>
    <None Include="shaders\instancing_quads.frag">
      <Filter>sources\shaders\instance</Filter>
    </None>
    <None Include="shaders\instancing_quads.vert">
      <Filter>sources\shaders\instance</Filter>
    </None>
    <None Include="shaders\instancing.frag">
      <Filter>sources\shaders\instance</Filter>
    </None>
    <None Include="shaders\instancing.vert">
      <Filter>sources\shaders\instance</Filter>
    </None>
    <None Include="shaders\depthRenderShadow.frag">
      <Filter>sources\shaders\postprocess</Filter>
    </None>
    <None Include="shaders\depthRenderShadow.vert">
      <Filter>sources\shaders\postprocess</Filter>
    </None>
    <None Include="shaders\standardShadow.vert">
      <Filter>sources\shaders\shadow\directional</Filter>
    </None>
    <None Include="shaders\shadow.frag">
      <Filter>sources\shaders\shadow\directional</Filter>
    </None>
    <None Include="shaders\shadow.vert">
      <Filter>sources\shaders\shadow\directional</Filter>
    </None>
    <None Include="shaders\standardShadow.frag">
      <Filter>sources\shaders\shadow\directional</Filter>
    </None>
    <None Include="shaders\pointShadow.frag">
      <Filter>sources\shaders\shadow\point</Filter>
    </None>
    <None Include="shaders\pointShadow.gm">
      <Filter>sources\shaders\shadow\point</Filter>
    </None>
    <None Include="shaders\pointShadow.vert">
      <Filter>sources\shaders\shadow\point</Filter>
    </None>
    <None Include="shaders\standardPointShadow.frag">
      <Filter>sources\shaders\shadow\point</Filter>
    </None>
    <None Include="shaders\standardPointShadow.vert">
      <Filter>sources\shaders\shadow\point</Filter>
    </None>
    <None Include="shaders\parallaxMapping.frag">
      <Filter>sources\shaders\parallax</Filter>
    </None>
    <None Include="shaders\parallaxMapping.vert">
      <Filter>sources\shaders\parallax</Filter>
    </None>
  </ItemGroup>
</Project>